PackratFormat: 1.4
PackratVersion: 0.4.9.1
RVersion: 3.4.4
Repos: CRAN=https://cran.rstudio.com/

Package: config
Source: CRAN
Version: 0.3
Hash: 00b1a8d447124dc267d0bd36796b4024
Requires: yaml

Package: packrat
Source: CRAN
Version: 0.4.9-1
Hash: e95f4c0ccf3ac830a0a480888c1c965f

Package: yaml
Source: CRAN
Version: 2.1.18
Hash: 28c7e28c239d7a1d1bd579390bab89bd
